
Microsoft Visual Studio Solution File, Format Version 11.00
# Visual Studio 2010
Project("{FAE04EC0-301F-11D3-BF4B-00C04F79EFBC}") = "Assembly-CSharp", "Assembly-CSharp.csproj", "{26b76c2b-a74f-04d8-b2ee-5dea432b0e68}"
EndProject
Project("{FAE04EC0-301F-11D3-BF4B-00C04F79EFBC}") = "Assembly-CSharp-firstpass", "Assembly-CSharp-firstpass.csproj", "{79fe82d6-d05e-6c24-b1c7-9417c601ce54}"
EndProject
Project("{FAE04EC0-301F-11D3-BF4B-00C04F79EFBC}") = "UniTask", "UniTask.csproj", "{4d34e5ed-92d7-3b52-498e-9db390da7bd9}"
EndProject
Project("{FAE04EC0-301F-11D3-BF4B-00C04F79EFBC}") = "MK.Toon.Editor", "MK.Toon.Editor.csproj", "{aff0b3e9-7749-f726-a77f-9debc7b18781}"
EndProject
Project("{FAE04EC0-301F-11D3-BF4B-00C04F79EFBC}") = "VHierarchy", "VHierarchy.csproj", "{de6e894f-1dd3-0dbb-7252-6718d89b29ff}"
EndProject
Project("{FAE04EC0-301F-11D3-BF4B-00C04F79EFBC}") = "UniTask.Linq", "UniTask.Linq.csproj", "{3c7c9d4a-f23b-55a5-f71b-62f28af09ed2}"
EndProject
Project("{FAE04EC0-301F-11D3-BF4B-00C04F79EFBC}") = "BakeryRuntimeAssembly", "BakeryRuntimeAssembly.csproj", "{127ce68f-a028-5085-9dcb-efb16d9cd9f8}"
EndProject
Project("{FAE04EC0-301F-11D3-BF4B-00C04F79EFBC}") = "MeshBakerCore", "MeshBakerCore.csproj", "{b5b4bec5-68ca-09d9-d58d-0e5f0c1c7493}"
EndProject
Project("{FAE04EC0-301F-11D3-BF4B-00C04F79EFBC}") = "Assembly-CSharp-Editor", "Assembly-CSharp-Editor.csproj", "{0d73c07d-66b7-e1ee-a190-15ecdf59fee1}"
EndProject
Project("{FAE04EC0-301F-11D3-BF4B-00C04F79EFBC}") = "Assembly-CSharp-Editor-firstpass", "Assembly-CSharp-Editor-firstpass.csproj", "{1f66f4be-8318-dd3a-f3f9-1f5d7b97836a}"
EndProject
Project("{FAE04EC0-301F-11D3-BF4B-00C04F79EFBC}") = "MK.RampCreator", "MK.RampCreator.csproj", "{5ba6740f-192b-c055-309e-defa728f8281}"
EndProject
Project("{FAE04EC0-301F-11D3-BF4B-00C04F79EFBC}") = "MK.Toon", "MK.Toon.csproj", "{044f0cbc-dfca-db00-0bf8-e2f1d54963cc}"
EndProject
Project("{FAE04EC0-301F-11D3-BF4B-00C04F79EFBC}") = "MeshBakerEditor", "MeshBakerEditor.csproj", "{a618d014-a585-9a14-4610-843354f4feeb}"
EndProject
Project("{FAE04EC0-301F-11D3-BF4B-00C04F79EFBC}") = "VFolders", "VFolders.csproj", "{36732979-d6a5-08ba-4a60-4038528e8e40}"
EndProject
Project("{FAE04EC0-301F-11D3-BF4B-00C04F79EFBC}") = "MeshBakerExamples", "MeshBakerExamples.csproj", "{15a7b70d-eb56-a409-3290-68107bf9a537}"
EndProject
Project("{FAE04EC0-301F-11D3-BF4B-00C04F79EFBC}") = "UniTask.Addressables", "UniTask.Addressables.csproj", "{58d1ee1d-30fd-afa7-14bb-5542f1eff739}"
EndProject
Project("{FAE04EC0-301F-11D3-BF4B-00C04F79EFBC}") = "MK.Toon.URP.Editor", "MK.Toon.URP.Editor.csproj", "{1ad33f90-f6aa-7292-a0e5-20eee6c6bb6e}"
EndProject
Project("{FAE04EC0-301F-11D3-BF4B-00C04F79EFBC}") = "Unity.XR.Interaction.Toolkit.Samples.DeviceSimulator", "Unity.XR.Interaction.Toolkit.Samples.DeviceSimulator.csproj", "{755c958d-b9dc-e431-6afd-e0352c1706f4}"
EndProject
Project("{FAE04EC0-301F-11D3-BF4B-00C04F79EFBC}") = "UniTask.TextMeshPro", "UniTask.TextMeshPro.csproj", "{8360a823-d063-bbca-2ca0-e4bc1a81ade6}"
EndProject
Project("{FAE04EC0-301F-11D3-BF4B-00C04F79EFBC}") = "TGS_PackageImporter", "TGS_PackageImporter.csproj", "{a4b43f37-fd8c-273b-898d-b787d98baf97}"
EndProject
Project("{FAE04EC0-301F-11D3-BF4B-00C04F79EFBC}") = "UniTask.DOTween", "UniTask.DOTween.csproj", "{9c14adc5-aae8-f85a-cff8-0f7f464da282}"
EndProject
Project("{FAE04EC0-301F-11D3-BF4B-00C04F79EFBC}") = "UniTask.Editor", "UniTask.Editor.csproj", "{1af947a1-9c2b-8b1e-5e7d-b0b07c9ed30f}"
EndProject
Project("{FAE04EC0-301F-11D3-BF4B-00C04F79EFBC}") = "MK.MKTextureChannelPacker", "MK.MKTextureChannelPacker.csproj", "{92beab66-78ea-30f5-21d2-c3f3fb478b5d}"
EndProject
Project("{FAE04EC0-301F-11D3-BF4B-00C04F79EFBC}") = "MK.MeshUtility", "MK.MeshUtility.csproj", "{e8b4ecf8-77d2-cc74-a168-1f40e3c90851}"
EndProject
Project("{FAE04EC0-301F-11D3-BF4B-00C04F79EFBC}") = "MK.Toon.URP", "MK.Toon.URP.csproj", "{b132bef1-1cd5-7f1f-a1ff-c82201c04e5b}"
EndProject
Global
	GlobalSection(SolutionConfigurationPlatforms) = preSolution
		Debug|Any CPU = Debug|Any CPU
	EndGlobalSection
	GlobalSection(ProjectConfigurationPlatforms) = postSolution
		{26b76c2b-a74f-04d8-b2ee-5dea432b0e68}.Debug|Any CPU.ActiveCfg = Debug|Any CPU
		{26b76c2b-a74f-04d8-b2ee-5dea432b0e68}.Debug|Any CPU.Build.0 = Debug|Any CPU
		{79fe82d6-d05e-6c24-b1c7-9417c601ce54}.Debug|Any CPU.ActiveCfg = Debug|Any CPU
		{79fe82d6-d05e-6c24-b1c7-9417c601ce54}.Debug|Any CPU.Build.0 = Debug|Any CPU
		{4d34e5ed-92d7-3b52-498e-9db390da7bd9}.Debug|Any CPU.ActiveCfg = Debug|Any CPU
		{4d34e5ed-92d7-3b52-498e-9db390da7bd9}.Debug|Any CPU.Build.0 = Debug|Any CPU
		{aff0b3e9-7749-f726-a77f-9debc7b18781}.Debug|Any CPU.ActiveCfg = Debug|Any CPU
		{aff0b3e9-7749-f726-a77f-9debc7b18781}.Debug|Any CPU.Build.0 = Debug|Any CPU
		{de6e894f-1dd3-0dbb-7252-6718d89b29ff}.Debug|Any CPU.ActiveCfg = Debug|Any CPU
		{de6e894f-1dd3-0dbb-7252-6718d89b29ff}.Debug|Any CPU.Build.0 = Debug|Any CPU
		{3c7c9d4a-f23b-55a5-f71b-62f28af09ed2}.Debug|Any CPU.ActiveCfg = Debug|Any CPU
		{3c7c9d4a-f23b-55a5-f71b-62f28af09ed2}.Debug|Any CPU.Build.0 = Debug|Any CPU
		{127ce68f-a028-5085-9dcb-efb16d9cd9f8}.Debug|Any CPU.ActiveCfg = Debug|Any CPU
		{127ce68f-a028-5085-9dcb-efb16d9cd9f8}.Debug|Any CPU.Build.0 = Debug|Any CPU
		{b5b4bec5-68ca-09d9-d58d-0e5f0c1c7493}.Debug|Any CPU.ActiveCfg = Debug|Any CPU
		{b5b4bec5-68ca-09d9-d58d-0e5f0c1c7493}.Debug|Any CPU.Build.0 = Debug|Any CPU
		{0d73c07d-66b7-e1ee-a190-15ecdf59fee1}.Debug|Any CPU.ActiveCfg = Debug|Any CPU
		{0d73c07d-66b7-e1ee-a190-15ecdf59fee1}.Debug|Any CPU.Build.0 = Debug|Any CPU
		{1f66f4be-8318-dd3a-f3f9-1f5d7b97836a}.Debug|Any CPU.ActiveCfg = Debug|Any CPU
		{1f66f4be-8318-dd3a-f3f9-1f5d7b97836a}.Debug|Any CPU.Build.0 = Debug|Any CPU
		{5ba6740f-192b-c055-309e-defa728f8281}.Debug|Any CPU.ActiveCfg = Debug|Any CPU
		{5ba6740f-192b-c055-309e-defa728f8281}.Debug|Any CPU.Build.0 = Debug|Any CPU
		{044f0cbc-dfca-db00-0bf8-e2f1d54963cc}.Debug|Any CPU.ActiveCfg = Debug|Any CPU
		{044f0cbc-dfca-db00-0bf8-e2f1d54963cc}.Debug|Any CPU.Build.0 = Debug|Any CPU
		{a618d014-a585-9a14-4610-843354f4feeb}.Debug|Any CPU.ActiveCfg = Debug|Any CPU
		{a618d014-a585-9a14-4610-843354f4feeb}.Debug|Any CPU.Build.0 = Debug|Any CPU
		{36732979-d6a5-08ba-4a60-4038528e8e40}.Debug|Any CPU.ActiveCfg = Debug|Any CPU
		{36732979-d6a5-08ba-4a60-4038528e8e40}.Debug|Any CPU.Build.0 = Debug|Any CPU
		{15a7b70d-eb56-a409-3290-68107bf9a537}.Debug|Any CPU.ActiveCfg = Debug|Any CPU
		{15a7b70d-eb56-a409-3290-68107bf9a537}.Debug|Any CPU.Build.0 = Debug|Any CPU
		{58d1ee1d-30fd-afa7-14bb-5542f1eff739}.Debug|Any CPU.ActiveCfg = Debug|Any CPU
		{58d1ee1d-30fd-afa7-14bb-5542f1eff739}.Debug|Any CPU.Build.0 = Debug|Any CPU
		{1ad33f90-f6aa-7292-a0e5-20eee6c6bb6e}.Debug|Any CPU.ActiveCfg = Debug|Any CPU
		{1ad33f90-f6aa-7292-a0e5-20eee6c6bb6e}.Debug|Any CPU.Build.0 = Debug|Any CPU
		{755c958d-b9dc-e431-6afd-e0352c1706f4}.Debug|Any CPU.ActiveCfg = Debug|Any CPU
		{755c958d-b9dc-e431-6afd-e0352c1706f4}.Debug|Any CPU.Build.0 = Debug|Any CPU
		{8360a823-d063-bbca-2ca0-e4bc1a81ade6}.Debug|Any CPU.ActiveCfg = Debug|Any CPU
		{8360a823-d063-bbca-2ca0-e4bc1a81ade6}.Debug|Any CPU.Build.0 = Debug|Any CPU
		{a4b43f37-fd8c-273b-898d-b787d98baf97}.Debug|Any CPU.ActiveCfg = Debug|Any CPU
		{a4b43f37-fd8c-273b-898d-b787d98baf97}.Debug|Any CPU.Build.0 = Debug|Any CPU
		{9c14adc5-aae8-f85a-cff8-0f7f464da282}.Debug|Any CPU.ActiveCfg = Debug|Any CPU
		{9c14adc5-aae8-f85a-cff8-0f7f464da282}.Debug|Any CPU.Build.0 = Debug|Any CPU
		{1af947a1-9c2b-8b1e-5e7d-b0b07c9ed30f}.Debug|Any CPU.ActiveCfg = Debug|Any CPU
		{1af947a1-9c2b-8b1e-5e7d-b0b07c9ed30f}.Debug|Any CPU.Build.0 = Debug|Any CPU
		{92beab66-78ea-30f5-21d2-c3f3fb478b5d}.Debug|Any CPU.ActiveCfg = Debug|Any CPU
		{92beab66-78ea-30f5-21d2-c3f3fb478b5d}.Debug|Any CPU.Build.0 = Debug|Any CPU
		{e8b4ecf8-77d2-cc74-a168-1f40e3c90851}.Debug|Any CPU.ActiveCfg = Debug|Any CPU
		{e8b4ecf8-77d2-cc74-a168-1f40e3c90851}.Debug|Any CPU.Build.0 = Debug|Any CPU
		{b132bef1-1cd5-7f1f-a1ff-c82201c04e5b}.Debug|Any CPU.ActiveCfg = Debug|Any CPU
		{b132bef1-1cd5-7f1f-a1ff-c82201c04e5b}.Debug|Any CPU.Build.0 = Debug|Any CPU
	EndGlobalSection
	GlobalSection(SolutionProperties) = preSolution
		HideSolutionNode = FALSE
	EndGlobalSection
EndGlobal
